// !$*UTF8*$!
{
	archiveVersion = 1;
	classes = {
	};
	objectVersion = 77;
	objects = {

/* Begin PBXBuildFile section */
		395BB0C4219E5E19666EEDE3 /* DynamicSeed.swift in Sources */ = {isa = PBXBuildFile; fileRef = 179765C9E3C04D7354384257 /* DynamicSeed.swift */; };
		3BD15D6120A958D5FB9AE0A2 /* QuantVoiceGen.swift in Sources */ = {isa = PBXBuildFile; fileRef = 515AF0CEBD1D0163992F0757 /* QuantVoiceGen.swift */; };
		99156A436BEF5D6EE5608F67 /* BabilonApp.swift in Sources */ = {isa = PBXBuildFile; fileRef = 4E7F8541EDF45D1469BF3D81 /* BabilonApp.swift */; };
		9BD169C014709440921781EC /* MarleyView.swift in Sources */ = {isa = PBXBuildFile; fileRef = 3D0928C69D2B9F5A9AD556C3 /* MarleyView.swift */; };
/* End PBXBuildFile section */

/* Begin PBXFileReference section */
		179765C9E3C04D7354384257 /* DynamicSeed.swift */ = {isa = PBXFileReference; lastKnownFileType = sourcecode.swift; path = DynamicSeed.swift; sourceTree = "<group>"; };
		3D0928C69D2B9F5A9AD556C3 /* MarleyView.swift */ = {isa = PBXFileReference; lastKnownFileType = sourcecode.swift; path = MarleyView.swift; sourceTree = "<group>"; };
		4E7F8541EDF45D1469BF3D81 /* BabilonApp.swift */ = {isa = PBXFileReference; lastKnownFileType = sourcecode.swift; path = BabilonApp.swift; sourceTree = "<group>"; };
		515AF0CEBD1D0163992F0757 /* QuantVoiceGen.swift */ = {isa = PBXFileReference; lastKnownFileType = sourcecode.swift; path = QuantVoiceGen.swift; sourceTree = "<group>"; };
		52210B2CB366BC026E658126 /* BABYLON-ultra-dict.app */ = {isa = PBXFileReference; includeInIndex = 0; lastKnownFileType = wrapper.application; path = "BABYLON-ultra-dict.app"; sourceTree = BUILT_PRODUCTS_DIR; };
/* End PBXFileReference section */

/* Begin PBXGroup section */
		7E1A2CE0EC9A6C31A0418E40 /* Products */ = {
			isa = PBXGroup;
			children = (
				52210B2CB366BC026E658126 /* BABYLON-ultra-dict.app */,
			);
			name = Products;
			sourceTree = "<group>";
		};
		9A26D87DF6A2009291FD4F64 /* Services */ = {
			isa = PBXGroup;
			children = (
				179765C9E3C04D7354384257 /* DynamicSeed.swift */,
				515AF0CEBD1D0163992F0757 /* QuantVoiceGen.swift */,
			);
			path = Services;
			sourceTree = "<group>";
		};
		B602C321F391851810B5FD4C /* Babilon */ = {
			isa = PBXGroup;
			children = (
				4E7F8541EDF45D1469BF3D81 /* BabilonApp.swift */,
				3D0928C69D2B9F5A9AD556C3 /* MarleyView.swift */,
				9A26D87DF6A2009291FD4F64 /* Services */,
			);
			name = Babilon;
			path = Sources/Babilon;
			sourceTree = "<group>";
		};
		C3B554BE399A284D0868B27A = {
			isa = PBXGroup;
			children = (
				B602C321F391851810B5FD4C /* Babilon */,
				7E1A2CE0EC9A6C31A0418E40 /* Products */,
			);
			sourceTree = "<group>";
		};
/* End PBXGroup section */

/* Begin PBXNativeTarget section */
		3C02EED1E3056ABBF0784B15 /* BABYLON-ultra-dict */ = {
			isa = PBXNativeTarget;
			buildConfigurationList = 154AA0C76863D74508FF889D /* Build configuration list for PBXNativeTarget "BABYLON-ultra-dict" */;
			buildPhases = (
				098564E767BDC041E335427C /* Sources */,
			);
			buildRules = (
			);
			dependencies = (
			);
			name = "BABYLON-ultra-dict";
			packageProductDependencies = (
			);
			productName = "BABYLON-ultra-dict";
			productReference = 52210B2CB366BC026E658126 /* BABYLON-ultra-dict.app */;
			productType = "com.apple.product-type.application";
		};
/* End PBXNativeTarget section */

/* Begin PBXProject section */
		6A1857FF27972AD31C9CA7CD /* Project object */ = {
			isa = PBXProject;
			attributes = {
				BuildIndependentTargetsInParallel = YES;
				LastUpgradeCheck = 1430;
				TargetAttributes = {
					3C02EED1E3056ABBF0784B15 = {
						DevelopmentTeam = 7CFQYBX575;
					};
				};
			};
			buildConfigurationList = DF390365C54F5EE5E1DE5979 /* Build configuration list for PBXProject "BABYLON-ultra-dict" */;
			developmentRegion = en;
			hasScannedForEncodings = 0;
			knownRegions = (
				Base,
				en,
			);
			mainGroup = C3B554BE399A284D0868B27A;
			minimizedProjectReferenceProxies = 1;
			preferredProjectObjectVersion = 77;
			productRefGroup = 7E1A2CE0EC9A6C31A0418E40 /* Products */;
			projectDirPath = "";
			projectRoot = "";
			targets = (
				3C02EED1E3056ABBF0784B15 /* BABYLON-ultra-dict */,
			);
		};
/* End PBXProject section */

/* Begin PBXSourcesBuildPhase section */
		098564E767BDC041E335427C /* Sources */ = {
			isa = PBXSourcesBuildPhase;
			buildActionMask = 2147483647;
			files = (
				99156A436BEF5D6EE5608F67 /* BabilonApp.swift in Sources */,
				395BB0C4219E5E19666EEDE3 /* DynamicSeed.swift in Sources */,
				9BD169C014709440921781EC /* MarleyView.swift in Sources */,
				3BD15D6120A958D5FB9AE0A2 /* QuantVoiceGen.swift in Sources */,
			);
			runOnlyForDeploymentPostprocessing = 0;
		};
/* End PBXSourcesBuildPhase section */

/* Begin XCBuildConfiguration section */
		8A90D01E8FA3D21240549E5F /* Debug */ = {
			isa = XCBuildConfiguration;
			buildSettings = {
				ALWAYS_SEARCH_USER_PATHS = NO;
				CLANG_ANALYZER_NONNULL = YES;
				CLANG_ANALYZER_NUMBER_OBJECT_CONVERSION = YES_AGGRESSIVE;
				CLANG_CXX_LANGUAGE_STANDARD = "gnu++14";
				CLANG_CXX_LIBRARY = "libc++";
				CLANG_ENABLE_MODULES = YES;
				CLANG_ENABLE_OBJC_ARC = YES;
				CLANG_ENABLE_OBJC_WEAK = YES;
				CLANG_WARN_BLOCK_CAPTURE_AUTORELEASING = YES;
				CLANG_WARN_BOOL_CONVERSION = YES;
				CLANG_WARN_COMMA = YES;
				CLANG_WARN_CONSTANT_CONVERSION = YES;
				CLANG_WARN_DEPRECATED_OBJC_IMPLEMENTATIONS = YES;
				CLANG_WARN_DIRECT_OBJC_ISA_USAGE = YES_ERROR;
				CLANG_WARN_DOCUMENTATION_COMMENTS = YES;
				CLANG_WARN_EMPTY_BODY = YES;
				CLANG_WARN_ENUM_CONVERSION = YES;
				CLANG_WARN_INFINITE_RECURSION = YES;
				CLANG_WARN_INT_CONVERSION = YES;
				CLANG_WARN_NON_LITERAL_NULL_CONVERSION = YES;
				CLANG_WARN_OBJC_IMPLICIT_RETAIN_SELF = YES;
				CLANG_WARN_OBJC_LITERAL_CONVERSION = YES;
				CLANG_WARN_OBJC_ROOT_CLASS = YES_ERROR;
				CLANG_WARN_QUOTED_INCLUDE_IN_FRAMEWORK_HEADER = YES;
				CLANG_WARN_RANGE_LOOP_ANALYSIS = YES;
				CLANG_WARN_STRICT_PROTOTYPES = YES;
				CLANG_WARN_SUSPICIOUS_MOVE = YES;
				CLANG_WARN_UNGUARDED_AVAILABILITY = YES_AGGRESSIVE;
				CLANG_WARN_UNREACHABLE_CODE = YES;
				CLANG_WARN__DUPLICATE_METHOD_MATCH = YES;
				COPY_PHASE_STRIP = NO;
				DEBUG_INFORMATION_FORMAT = dwarf;
				ENABLE_STRICT_OBJC_MSGSEND = YES;
				ENABLE_TESTABILITY = YES;
				GCC_C_LANGUAGE_STANDARD = gnu11;
				GCC_DYNAMIC_NO_PIC = NO;
				GCC_NO_COMMON_BLOCKS = YES;
				GCC_OPTIMIZATION_LEVEL = 0;
				GCC_PREPROCESSOR_DEFINITIONS = (
					"$(inherited)",
					"DEBUG=1",
				);
				GCC_WARN_64_TO_32_BIT_CONVERSION = YES;
				GCC_WARN_ABOUT_RETURN_TYPE = YES_ERROR;
				GCC_WARN_UNDECLARED_SELECTOR = YES;
				GCC_WARN_UNINITIALIZED_AUTOS = YES_AGGRESSIVE;
				GCC_WARN_UNUSED_FUNCTION = YES;
				GCC_WARN_UNUSED_VARIABLE = YES;
				MTL_ENABLE_DEBUG_INFO = INCLUDE_SOURCE;
				MTL_FAST_MATH = YES;
				ONLY_ACTIVE_ARCH = YES;
				PRODUCT_NAME = "$(TARGET_NAME)";
				SDKROOT = iphoneos;
				SWIFT_ACTIVE_COMPILATION_CONDITIONS = DEBUG;
				SWIFT_OPTIMIZATION_LEVEL = "-Onone";
				SWIFT_VERSION = 5.0;
			};
			name = Debug;
		};
		8B3FECB15D799A54FC37C898 /* Release */ = {
			isa = XCBuildConfiguration;
			buildSettings = {
				ASSETCATALOG_COMPILER_APPICON_NAME = AppIcon;
				CODE_SIGN_ENTITLEMENTS = Resources/Babilon.entitlements;
				CODE_SIGN_IDENTITY = "iPhone Developer";
				DEVELOPMENT_TEAM = 7CFQYBX575;
				INFOPLIST_FILE = Resources/Info.plist;
				IPHONEOS_DEPLOYMENT_TARGET = 18.0;
				LD_RUNPATH_SEARCH_PATHS = (
					"$(inherited)",
					"@executable_path/Frameworks",
				);
				PRODUCT_BUNDLE_IDENTIFIER = "dev.vaked.babylon-ultra-dict";
				SDKROOT = iphoneos;
				SUPPORTS_MAC_DESIGNED_FOR_IPHONE_IPAD = YES;
				SWIFT_VERSION = 6.0;
				TARGETED_DEVICE_FAMILY = "1,2";
			};
			name = Release;
		};
		DBA04C87043974351FC07F37 /* Debug */ = {
			isa = XCBuildConfiguration;
			buildSettings = {
				ASSETCATALOG_COMPILER_APPICON_NAME = AppIcon;
				CODE_SIGN_ENTITLEMENTS = Resources/Babilon.entitlements;
				CODE_SIGN_IDENTITY = "iPhone Developer";
				DEVELOPMENT_TEAM = 7CFQYBX575;
				INFOPLIST_FILE = Resources/Info.plist;
				IPHONEOS_DEPLOYMENT_TARGET = 18.0;
				LD_RUNPATH_SEARCH_PATHS = (
					"$(inherited)",
					"@executable_path/Frameworks",
				);
				PRODUCT_BUNDLE_IDENTIFIER = "dev.vaked.babylon-ultra-dict";
				SDKROOT = iphoneos;
				SUPPORTS_MAC_DESIGNED_FOR_IPHONE_IPAD = YES;
				SWIFT_VERSION = 6.0;
				TARGETED_DEVICE_FAMILY = "1,2";
			};
			name = Debug;
		};
		ECCB9E868D080E61F88F5838 /* Release */ = {
			isa = XCBuildConfiguration;
			buildSettings = {
				ALWAYS_SEARCH_USER_PATHS = NO;
				CLANG_ANALYZER_NONNULL = YES;
				CLANG_ANALYZER_NUMBER_OBJECT_CONVERSION = YES_AGGRESSIVE;
				CLANG_CXX_LANGUAGE_STANDARD = "gnu++14";
				CLANG_CXX_LIBRARY = "libc++";
				CLANG_ENABLE_MODULES = YES;
				CLANG_ENABLE_OBJC_ARC = YES;
				CLANG_ENABLE_OBJC_WEAK = YES;
				CLANG_WARN_BLOCK_CAPTURE_AUTORELEASING = YES;
				CLANG_WARN_BOOL_CONVERSION = YES;
				CLANG_WARN_COMMA = YES;
				CLANG_WARN_CONSTANT_CONVERSION = YES;
				CLANG_WARN_DEPRECATED_OBJC_IMPLEMENTATIONS = YES;
				CLANG_WARN_DIRECT_OBJC_ISA_USAGE = YES_ERROR;
				CLANG_WARN_DOCUMENTATION_COMMENTS = YES;
				CLANG_WARN_EMPTY_BODY = YES;
				CLANG_WARN_ENUM_CONVERSION = YES;
				CLANG_WARN_INFINITE_RECURSION = YES;
				CLANG_WARN_INT_CONVERSION = YES;
				CLANG_WARN_NON_LITERAL_NULL_CONVERSION = YES;
				CLANG_WARN_OBJC_IMPLICIT_RETAIN_SELF = YES;
				CLANG_WARN_OBJC_LITERAL_CONVERSION = YES;
				CLANG_WARN_OBJC_ROOT_CLASS = YES_ERROR;
				CLANG_WARN_QUOTED_INCLUDE_IN_FRAMEWORK_HEADER = YES;
				CLANG_WARN_RANGE_LOOP_ANALYSIS = YES;
				CLANG_WARN_STRICT_PROTOTYPES = YES;
				CLANG_WARN_SUSPICIOUS_MOVE = YES;
				CLANG_WARN_UNGUARDED_AVAILABILITY = YES_AGGRESSIVE;
				CLANG_WARN_UNREACHABLE_CODE = YES;
				CLANG_WARN__DUPLICATE_METHOD_MATCH = YES;
				COPY_PHASE_STRIP = NO;
				DEBUG_INFORMATION_FORMAT = "dwarf-with-dsym";
				ENABLE_NS_ASSERTIONS = NO;
				ENABLE_STRICT_OBJC_MSGSEND = YES;
				GCC_C_LANGUAGE_STANDARD = gnu11;
				GCC_NO_COMMON_BLOCKS = YES;
				GCC_WARN_64_TO_32_BIT_CONVERSION = YES;
				GCC_WARN_ABOUT_RETURN_TYPE = YES_ERROR;
				GCC_WARN_UNDECLARED_SELECTOR = YES;
				GCC_WARN_UNINITIALIZED_AUTOS = YES_AGGRESSIVE;
				GCC_WARN_UNUSED_FUNCTION = YES;
				GCC_WARN_UNUSED_VARIABLE = YES;
				MTL_ENABLE_DEBUG_INFO = NO;
				MTL_FAST_MATH = YES;
				PRODUCT_NAME = "$(TARGET_NAME)";
				SDKROOT = iphoneos;
				SWIFT_COMPILATION_MODE = wholemodule;
				SWIFT_OPTIMIZATION_LEVEL = "-O";
				SWIFT_VERSION = 5.0;
			};
			name = Release;
		};
/* End XCBuildConfiguration section */

/* Begin XCConfigurationList section */
		154AA0C76863D74508FF889D /* Build configuration list for PBXNativeTarget "BABYLON-ultra-dict" */ = {
			isa = XCConfigurationList;
			buildConfigurations = (
				DBA04C87043974351FC07F37 /* Debug */,
				8B3FECB15D799A54FC37C898 /* Release */,
			);
			defaultConfigurationIsVisible = 0;
			defaultConfigurationName = Debug;
		};
		DF390365C54F5EE5E1DE5979 /* Build configuration list for PBXProject "BABYLON-ultra-dict" */ = {
			isa = XCConfigurationList;
			buildConfigurations = (
				8A90D01E8FA3D21240549E5F /* Debug */,
				ECCB9E868D080E61F88F5838 /* Release */,
			);
			defaultConfigurationIsVisible = 0;
			defaultConfigurationName = Debug;
		};
/* End XCConfigurationList section */
	};
	rootObject = 6A1857FF27972AD31C9CA7CD /* Project object */;
}
